{
  "name": "ris-framework-api",
  "version": "1.0.0",
  "lockfileVersion": 3,
  "requires": true,
  "packages": {
    "": {
      "name": "ris-framework-api",
      "version": "1.0.0",
      "license": "MIT",
      "dependencies": {
        "gl-matrix": "^3.4.2",
        "ris-ktx2-api": "^0.1.0-dev.2.4"
      },
      "devDependencies": {
        "typescript": "^5.0.0"
      }
    },
    "../ris-ktx-api": {
      "extraneous": true
    },
    "../ris-ktx2": {
      "version": "0.1.0",
      "extraneous": true,
      "license": "MIT",
      "dependencies": {
        "ris-ktx2-api": "file:../ris-ktx2-api",
        "vite": "^8.1.5",
        "vite-plugin-dts": "^5.0.3"
      },
      "devDependencies": {
        "@typescript/typescript6": "^6.0.2",
        "vitest": "^1.6.0"
      }
    },
    "node_modules/gl-matrix": {
      "version": "3.4.4",
      "resolved": "https://registry.npmjs.org/gl-matrix/-/gl-matrix-3.4.4.tgz",
      "integrity": "sha512-latSnyDNt/8zYUB6VIJ6PCh2jBjJX6gnDsoCZ7LyW7GkqrD51EWwa9qCoGixj8YqBtETQK/xY7OmpTF8xz1DdQ==",
      "license": "MIT"
    },
    "node_modules/ris-ktx2-api": {
      "version": "0.1.0-dev.2.4",
      "resolved": "https://registry.npmjs.org/ris-ktx2-api/-/ris-ktx2-api-0.1.0-dev.2.4.tgz",
      "integrity": "sha512-kdwClRRkimuEaj1MnR7R2R79aYrikz06mAb5CMT3C4Y/+xJ2ICADVhyuoSikjvivmiAPFuDUnh9V8/uF81lrlg==",
      "license": "MIT"
    },
    "node_modules/typescript": {
      "version": "5.9.3",
      "resolved": "https://registry.npmjs.org/typescript/-/typescript-5.9.3.tgz",
      "integrity": "sha512-jl1vZzPDinLr9eUt3J/t7V6FgNEw9QjvBPdysz9KfQDD41fQrC2Y4vKQdiaUpFT4bXlb1RHhLpp8wtm6M5TgSw==",
      "dev": true,
      "license": "Apache-2.0",
      "bin": {
        "tsc": "bin/tsc",
        "tsserver": "bin/tsserver"
      },
      "engines": {
        "node": ">=14.17"
      }
    }
  }
}
